// !$*UTF8*$!
{
	archiveVersion = 1;
	classes = {
	};
	objectVersion = 77;
	objects = {

/* Begin PBXBuildFile section */
		BA95EE2A2CC7D5AE0006DB3B /* SnapKit in Frameworks */ = {isa = PBXBuildFile; productRef = BA95EE292CC7D5AE0006DB3B /* SnapKit */; };
		BA9F122E2CC1785200BEF090 /* SwiftyJSON in Frameworks */ = {isa = PBXBuildFile; productRef = BA9F122D2CC1785200BEF090 /* SwiftyJSON */; };
		BA9F12312CC1791000BEF090 /* SDWebImage in Frameworks */ = {isa = PBXBuildFile; productRef = BA9F12302CC1791000BEF090 /* SDWebImage */; };
		BA9F12332CC1791000BEF090 /* SDWebImageMapKit in Frameworks */ = {isa = PBXBuildFile; productRef = BA9F12322CC1791000BEF090 /* SDWebImageMapKit */; };
		BA9F12362CC1796A00BEF090 /* Localize_Swift in Frameworks */ = {isa = PBXBuildFile; productRef = BA9F12352CC1796A00BEF090 /* Localize_Swift */; };
		BA9F12392CC179CE00BEF090 /* SVProgressHUD in Frameworks */ = {isa = PBXBuildFile; productRef = BA9F12382CC179CE00BEF090 /* SVProgressHUD */; };
		BA9F123C2CC17C4800BEF090 /* Alamofire in Frameworks */ = {isa = PBXBuildFile; productRef = BA9F123B2CC17C4800BEF090 /* Alamofire */; };
		BAAB90402CC988B300E9535F /* SF-Pro-Display-Bold.otf in Resources */ = {isa = PBXBuildFile; fileRef = BAAB90322CC988B300E9535F /* SF-Pro-Display-Bold.otf */; };
		BAAB90412CC988B300E9535F /* SF-Pro-Display-Medium.otf in Resources */ = {isa = PBXBuildFile; fileRef = BAAB90332CC988B300E9535F /* SF-Pro-Display-Medium.otf */; };
		BAAB90422CC988B300E9535F /* SF-Pro-Display-Regular.otf in Resources */ = {isa = PBXBuildFile; fileRef = BAAB90342CC988B300E9535F /* SF-Pro-Display-Regular.otf */; };
		BAAB90432CC988B300E9535F /* SF-Pro-Display-Semibold.otf in Resources */ = {isa = PBXBuildFile; fileRef = BAAB90352CC988B300E9535F /* SF-Pro-Display-Semibold.otf */; };
		BAAB90442CC988B300E9535F /* Assets.xcassets in Resources */ = {isa = PBXBuildFile; fileRef = BAAB903A2CC988B300E9535F /* Assets.xcassets */; };
		BAAB90462CC988B300E9535F /* LaunchScreen.storyboard in Resources */ = {isa = PBXBuildFile; fileRef = BAAB903D2CC988B300E9535F /* LaunchScreen.storyboard */; };
		BAAB90472CC988B300E9535F /* OnBoardingViewController.swift in Sources */ = {isa = PBXBuildFile; fileRef = BAAB902F2CC988B300E9535F /* OnBoardingViewController.swift */; };
		BAAB90482CC988B300E9535F /* SlidesCollectionViewCell.swift in Sources */ = {isa = PBXBuildFile; fileRef = BAAB90302CC988B300E9535F /* SlidesCollectionViewCell.swift */; };
		BAAB90492CC988B300E9535F /* AppDelegate.swift in Sources */ = {isa = PBXBuildFile; fileRef = BAAB90392CC988B300E9535F /* AppDelegate.swift */; };
		BAAB904A2CC988B300E9535F /* SceneDelegate.swift in Sources */ = {isa = PBXBuildFile; fileRef = BAAB903E2CC988B300E9535F /* SceneDelegate.swift */; };
		BAAB904D2CC988F400E9535F /* SignInViewController.swift in Sources */ = {isa = PBXBuildFile; fileRef = BAAB904C2CC988F400E9535F /* SignInViewController.swift */; };
/* End PBXBuildFile section */

/* Begin PBXFileReference section */
		BA9F120C2CC1748700BEF090 /* ozinshe.app */ = {isa = PBXFileReference; explicitFileType = wrapper.application; includeInIndex = 0; path = ozinshe.app; sourceTree = BUILT_PRODUCTS_DIR; };
		BAAB902F2CC988B300E9535F /* OnBoardingViewController.swift */ = {isa = PBXFileReference; lastKnownFileType = sourcecode.swift; path = OnBoardingViewController.swift; sourceTree = "<group>"; };
		BAAB90302CC988B300E9535F /* SlidesCollectionViewCell.swift */ = {isa = PBXFileReference; lastKnownFileType = sourcecode.swift; path = SlidesCollectionViewCell.swift; sourceTree = "<group>"; };
		BAAB90322CC988B300E9535F /* SF-Pro-Display-Bold.otf */ = {isa = PBXFileReference; lastKnownFileType = file; path = "SF-Pro-Display-Bold.otf"; sourceTree = "<group>"; };
		BAAB90332CC988B300E9535F /* SF-Pro-Display-Medium.otf */ = {isa = PBXFileReference; lastKnownFileType = file; path = "SF-Pro-Display-Medium.otf"; sourceTree = "<group>"; };
		BAAB90342CC988B300E9535F /* SF-Pro-Display-Regular.otf */ = {isa = PBXFileReference; lastKnownFileType = file; path = "SF-Pro-Display-Regular.otf"; sourceTree = "<group>"; };
		BAAB90352CC988B300E9535F /* SF-Pro-Display-Semibold.otf */ = {isa = PBXFileReference; lastKnownFileType = file; path = "SF-Pro-Display-Semibold.otf"; sourceTree = "<group>"; };
		BAAB90392CC988B300E9535F /* AppDelegate.swift */ = {isa = PBXFileReference; lastKnownFileType = sourcecode.swift; path = AppDelegate.swift; sourceTree = "<group>"; };
		BAAB903A2CC988B300E9535F /* Assets.xcassets */ = {isa = PBXFileReference; lastKnownFileType = folder.assetcatalog; path = Assets.xcassets; sourceTree = "<group>"; };
		BAAB903B2CC988B300E9535F /* Info.plist */ = {isa = PBXFileReference; lastKnownFileType = text.plist.xml; path = Info.plist; sourceTree = "<group>"; };
		BAAB903C2CC988B300E9535F /* Base */ = {isa = PBXFileReference; lastKnownFileType = file.storyboard; name = Base; path = Base.lproj/LaunchScreen.storyboard; sourceTree = "<group>"; };
		BAAB903E2CC988B300E9535F /* SceneDelegate.swift */ = {isa = PBXFileReference; lastKnownFileType = sourcecode.swift; path = SceneDelegate.swift; sourceTree = "<group>"; };
		BAAB904C2CC988F400E9535F /* SignInViewController.swift */ = {isa = PBXFileReference; lastKnownFileType = sourcecode.swift; path = SignInViewController.swift; sourceTree = "<group>"; };
/* End PBXFileReference section */

/* Begin PBXFrameworksBuildPhase section */
		BA9F12092CC1748700BEF090 /* Frameworks */ = {
			isa = PBXFrameworksBuildPhase;
			buildActionMask = 2147483647;
			files = (
				BA9F12332CC1791000BEF090 /* SDWebImageMapKit in Frameworks */,
				BA9F122E2CC1785200BEF090 /* SwiftyJSON in Frameworks */,
				BA9F12392CC179CE00BEF090 /* SVProgressHUD in Frameworks */,
				BA95EE2A2CC7D5AE0006DB3B /* SnapKit in Frameworks */,
				BA9F123C2CC17C4800BEF090 /* Alamofire in Frameworks */,
				BA9F12362CC1796A00BEF090 /* Localize_Swift in Frameworks */,
				BA9F12312CC1791000BEF090 /* SDWebImage in Frameworks */,
			);
			runOnlyForDeploymentPostprocessing = 0;
		};
/* End PBXFrameworksBuildPhase section */

/* Begin PBXGroup section */
		BA9F12032CC1748700BEF090 = {
			isa = PBXGroup;
			children = (
				BAAB903F2CC988B300E9535F /* ozinshe */,
				BA9F120D2CC1748700BEF090 /* Products */,
			);
			sourceTree = "<group>";
		};
		BA9F120D2CC1748700BEF090 /* Products */ = {
			isa = PBXGroup;
			children = (
				BA9F120C2CC1748700BEF090 /* ozinshe.app */,
			);
			name = Products;
			sourceTree = "<group>";
		};
		BAAB90312CC988B300E9535F /* Controllers */ = {
			isa = PBXGroup;
			children = (
				BAAB904B2CC988C800E9535F /* OnBoarding */,
				BAAB904C2CC988F400E9535F /* SignInViewController.swift */,
			);
			path = Controllers;
			sourceTree = "<group>";
		};
		BAAB90362CC988B300E9535F /* Fonts */ = {
			isa = PBXGroup;
			children = (
				BAAB90322CC988B300E9535F /* SF-Pro-Display-Bold.otf */,
				BAAB90332CC988B300E9535F /* SF-Pro-Display-Medium.otf */,
				BAAB90342CC988B300E9535F /* SF-Pro-Display-Regular.otf */,
				BAAB90352CC988B300E9535F /* SF-Pro-Display-Semibold.otf */,
			);
			path = Fonts;
			sourceTree = "<group>";
		};
		BAAB90372CC988B300E9535F /* Model */ = {
			isa = PBXGroup;
			children = (
			);
			path = Model;
			sourceTree = "<group>";
		};
		BAAB90382CC988B300E9535F /* ViewModel */ = {
			isa = PBXGroup;
			children = (
			);
			path = ViewModel;
			sourceTree = "<group>";
		};
		BAAB903F2CC988B300E9535F /* ozinshe */ = {
			isa = PBXGroup;
			children = (
				BAAB90312CC988B300E9535F /* Controllers */,
				BAAB90362CC988B300E9535F /* Fonts */,
				BAAB90372CC988B300E9535F /* Model */,
				BAAB90382CC988B300E9535F /* ViewModel */,
				BAAB90392CC988B300E9535F /* AppDelegate.swift */,
				BAAB903A2CC988B300E9535F /* Assets.xcassets */,
				BAAB903B2CC988B300E9535F /* Info.plist */,
				BAAB903D2CC988B300E9535F /* LaunchScreen.storyboard */,
				BAAB903E2CC988B300E9535F /* SceneDelegate.swift */,
			);
			path = ozinshe;
			sourceTree = "<group>";
		};
		BAAB904B2CC988C800E9535F /* OnBoarding */ = {
			isa = PBXGroup;
			children = (
				BAAB902F2CC988B300E9535F /* OnBoardingViewController.swift */,
				BAAB90302CC988B300E9535F /* SlidesCollectionViewCell.swift */,
			);
			path = OnBoarding;
			sourceTree = "<group>";
		};
/* End PBXGroup section */

/* Begin PBXNativeTarget section */
		BA9F120B2CC1748700BEF090 /* ozinshe */ = {
			isa = PBXNativeTarget;
			buildConfigurationList = BA9F121F2CC1748800BEF090 /* Build configuration list for PBXNativeTarget "ozinshe" */;
			buildPhases = (
				BA9F12082CC1748700BEF090 /* Sources */,
				BA9F12092CC1748700BEF090 /* Frameworks */,
				BA9F120A2CC1748700BEF090 /* Resources */,
			);
			buildRules = (
			);
			dependencies = (
			);
			name = ozinshe;
			packageProductDependencies = (
				BA9F122D2CC1785200BEF090 /* SwiftyJSON */,
				BA9F12302CC1791000BEF090 /* SDWebImage */,
				BA9F12322CC1791000BEF090 /* SDWebImageMapKit */,
				BA9F12352CC1796A00BEF090 /* Localize_Swift */,
				BA9F12382CC179CE00BEF090 /* SVProgressHUD */,
				BA9F123B2CC17C4800BEF090 /* Alamofire */,
				BA95EE292CC7D5AE0006DB3B /* SnapKit */,
			);
			productName = ozinshe;
			productReference = BA9F120C2CC1748700BEF090 /* ozinshe.app */;
			productType = "com.apple.product-type.application";
		};
/* End PBXNativeTarget section */

/* Begin PBXProject section */
		BA9F12042CC1748700BEF090 /* Project object */ = {
			isa = PBXProject;
			attributes = {
				BuildIndependentTargetsInParallel = 1;
				LastSwiftUpdateCheck = 1600;
				LastUpgradeCheck = 1600;
				TargetAttributes = {
					BA9F120B2CC1748700BEF090 = {
						CreatedOnToolsVersion = 16.0;
					};
				};
			};
			buildConfigurationList = BA9F12072CC1748700BEF090 /* Build configuration list for PBXProject "ozinshe" */;
			developmentRegion = en;
			hasScannedForEncodings = 0;
			knownRegions = (
				en,
				Base,
			);
			mainGroup = BA9F12032CC1748700BEF090;
			minimizedProjectReferenceProxies = 1;
			packageReferences = (
				BA9F122C2CC1785200BEF090 /* XCRemoteSwiftPackageReference "SwiftyJSON" */,
				BA9F122F2CC1791000BEF090 /* XCRemoteSwiftPackageReference "SDWebImage" */,
				BA9F12342CC1796A00BEF090 /* XCRemoteSwiftPackageReference "Localize-Swift" */,
				BA9F12372CC179CE00BEF090 /* XCRemoteSwiftPackageReference "SVProgressHUD" */,
				BA9F123A2CC17C4800BEF090 /* XCRemoteSwiftPackageReference "Alamofire" */,
				BA95EE282CC7D5AE0006DB3B /* XCRemoteSwiftPackageReference "SnapKit" */,
			);
			preferredProjectObjectVersion = 77;
			productRefGroup = BA9F120D2CC1748700BEF090 /* Products */;
			projectDirPath = "";
			projectRoot = "";
			targets = (
				BA9F120B2CC1748700BEF090 /* ozinshe */,
			);
		};
/* End PBXProject section */

/* Begin PBXResourcesBuildPhase section */
		BA9F120A2CC1748700BEF090 /* Resources */ = {
			isa = PBXResourcesBuildPhase;
			buildActionMask = 2147483647;
			files = (
				BAAB90402CC988B300E9535F /* SF-Pro-Display-Bold.otf in Resources */,
				BAAB90412CC988B300E9535F /* SF-Pro-Display-Medium.otf in Resources */,
				BAAB90422CC988B300E9535F /* SF-Pro-Display-Regular.otf in Resources */,
				BAAB90432CC988B300E9535F /* SF-Pro-Display-Semibold.otf in Resources */,
				BAAB90442CC988B300E9535F /* Assets.xcassets in Resources */,
				BAAB90462CC988B300E9535F /* LaunchScreen.storyboard in Resources */,
			);
			runOnlyForDeploymentPostprocessing = 0;
		};
/* End PBXResourcesBuildPhase section */

/* Begin PBXSourcesBuildPhase section */
		BA9F12082CC1748700BEF090 /* Sources */ = {
			isa = PBXSourcesBuildPhase;
			buildActionMask = 2147483647;
			files = (
				BAAB90472CC988B300E9535F /* OnBoardingViewController.swift in Sources */,
				BAAB90482CC988B300E9535F /* SlidesCollectionViewCell.swift in Sources */,
				BAAB90492CC988B300E9535F /* AppDelegate.swift in Sources */,
				BAAB904D2CC988F400E9535F /* SignInViewController.swift in Sources */,
				BAAB904A2CC988B300E9535F /* SceneDelegate.swift in Sources */,
			);
			runOnlyForDeploymentPostprocessing = 0;
		};
/* End PBXSourcesBuildPhase section */

/* Begin PBXVariantGroup section */
		BAAB903D2CC988B300E9535F /* LaunchScreen.storyboard */ = {
			isa = PBXVariantGroup;
			children = (
				BAAB903C2CC988B300E9535F /* Base */,
			);
			name = LaunchScreen.storyboard;
			sourceTree = "<group>";
		};
/* End PBXVariantGroup section */

/* Begin XCBuildConfiguration section */
		BA9F12202CC1748800BEF090 /* Debug */ = {
			isa = XCBuildConfiguration;
			buildSettings = {
				ASSETCATALOG_COMPILER_APPICON_NAME = AppIcon;
				ASSETCATALOG_COMPILER_GLOBAL_ACCENT_COLOR_NAME = AccentColor;
				CODE_SIGN_STYLE = Automatic;
				CURRENT_PROJECT_VERSION = 1;
				DEVELOPMENT_TEAM = LBB4P43528;
				GENERATE_INFOPLIST_FILE = YES;
				INFOPLIST_FILE = ozinshe/Info.plist;
				INFOPLIST_KEY_UIApplicationSupportsIndirectInputEvents = YES;
				INFOPLIST_KEY_UILaunchStoryboardName = LaunchScreen;
				INFOPLIST_KEY_UIMainStoryboardFile = "";
				INFOPLIST_KEY_UISupportedInterfaceOrientations_iPad = "UIInterfaceOrientationPortrait UIInterfaceOrientationPortraitUpsideDown UIInterfaceOrientationLandscapeLeft UIInterfaceOrientationLandscapeRight";
				INFOPLIST_KEY_UISupportedInterfaceOrientations_iPhone = "UIInterfaceOrientationPortrait UIInterfaceOrientationLandscapeLeft UIInterfaceOrientationLandscapeRight";
				LD_RUNPATH_SEARCH_PATHS = (
					"$(inherited)",
					"@executable_path/Frameworks",
				);
				MARKETING_VERSION = 1.0;
				PRODUCT_BUNDLE_IDENTIFIER = kz.mobydev.ozinshe;
				PRODUCT_NAME = "$(TARGET_NAME)";
				SWIFT_EMIT_LOC_STRINGS = YES;
				SWIFT_VERSION = 5.0;
				TARGETED_DEVICE_FAMILY = "1,2";
			};
			name = Debug;
		};
		BA9F12212CC1748800BEF090 /* Release */ = {
			isa = XCBuildConfiguration;
			buildSettings = {
				ASSETCATALOG_COMPILER_APPICON_NAME = AppIcon;
				ASSETCATALOG_COMPILER_GLOBAL_ACCENT_COLOR_NAME = AccentColor;
				CODE_SIGN_STYLE = Automatic;
				CURRENT_PROJECT_VERSION = 1;
				DEVELOPMENT_TEAM = LBB4P43528;
				GENERATE_INFOPLIST_FILE = YES;
				INFOPLIST_FILE = ozinshe/Info.plist;
				INFOPLIST_KEY_UIApplicationSupportsIndirectInputEvents = YES;
				INFOPLIST_KEY_UILaunchStoryboardName = LaunchScreen;
				INFOPLIST_KEY_UIMainStoryboardFile = "";
				INFOPLIST_KEY_UISupportedInterfaceOrientations_iPad = "UIInterfaceOrientationPortrait UIInterfaceOrientationPortraitUpsideDown UIInterfaceOrientationLandscapeLeft UIInterfaceOrientationLandscapeRight";
				INFOPLIST_KEY_UISupportedInterfaceOrientations_iPhone = "UIInterfaceOrientationPortrait UIInterfaceOrientationLandscapeLeft UIInterfaceOrientationLandscapeRight";
				LD_RUNPATH_SEARCH_PATHS = (
					"$(inherited)",
					"@executable_path/Frameworks",
				);
				MARKETING_VERSION = 1.0;
				PRODUCT_BUNDLE_IDENTIFIER = kz.mobydev.ozinshe;
				PRODUCT_NAME = "$(TARGET_NAME)";
				SWIFT_EMIT_LOC_STRINGS = YES;
				SWIFT_VERSION = 5.0;
				TARGETED_DEVICE_FAMILY = "1,2";
			};
			name = Release;
		};
		BA9F12222CC1748800BEF090 /* Debug */ = {
			isa = XCBuildConfiguration;
			buildSettings = {
				ALWAYS_SEARCH_USER_PATHS = NO;
				ASSETCATALOG_COMPILER_GENERATE_SWIFT_ASSET_SYMBOL_EXTENSIONS = YES;
				CLANG_ANALYZER_NONNULL = YES;
				CLANG_ANALYZER_NUMBER_OBJECT_CONVERSION = YES_AGGRESSIVE;
				CLANG_CXX_LANGUAGE_STANDARD = "gnu++20";
				CLANG_ENABLE_MODULES = YES;
				CLANG_ENABLE_OBJC_ARC = YES;
				CLANG_ENABLE_OBJC_WEAK = YES;
				CLANG_WARN_BLOCK_CAPTURE_AUTORELEASING = YES;
				CLANG_WARN_BOOL_CONVERSION = YES;
				CLANG_WARN_COMMA = YES;
				CLANG_WARN_CONSTANT_CONVERSION = YES;
				CLANG_WARN_DEPRECATED_OBJC_IMPLEMENTATIONS = YES;
				CLANG_WARN_DIRECT_OBJC_ISA_USAGE = YES_ERROR;
				CLANG_WARN_DOCUMENTATION_COMMENTS = YES;
				CLANG_WARN_EMPTY_BODY = YES;
				CLANG_WARN_ENUM_CONVERSION = YES;
				CLANG_WARN_INFINITE_RECURSION = YES;
				CLANG_WARN_INT_CONVERSION = YES;
				CLANG_WARN_NON_LITERAL_NULL_CONVERSION = YES;
				CLANG_WARN_OBJC_IMPLICIT_RETAIN_SELF = YES;
				CLANG_WARN_OBJC_LITERAL_CONVERSION = YES;
				CLANG_WARN_OBJC_ROOT_CLASS = YES_ERROR;
				CLANG_WARN_QUOTED_INCLUDE_IN_FRAMEWORK_HEADER = YES;
				CLANG_WARN_RANGE_LOOP_ANALYSIS = YES;
				CLANG_WARN_STRICT_PROTOTYPES = YES;
				CLANG_WARN_SUSPICIOUS_MOVE = YES;
				CLANG_WARN_UNGUARDED_AVAILABILITY = YES_AGGRESSIVE;
				CLANG_WARN_UNREACHABLE_CODE = YES;
				CLANG_WARN__DUPLICATE_METHOD_MATCH = YES;
				COPY_PHASE_STRIP = NO;
				DEBUG_INFORMATION_FORMAT = dwarf;
				ENABLE_STRICT_OBJC_MSGSEND = YES;
				ENABLE_TESTABILITY = YES;
				ENABLE_USER_SCRIPT_SANDBOXING = YES;
				GCC_C_LANGUAGE_STANDARD = gnu17;
				GCC_DYNAMIC_NO_PIC = NO;
				GCC_NO_COMMON_BLOCKS = YES;
				GCC_OPTIMIZATION_LEVEL = 0;
				GCC_PREPROCESSOR_DEFINITIONS = (
					"DEBUG=1",
					"$(inherited)",
				);
				GCC_WARN_64_TO_32_BIT_CONVERSION = YES;
				GCC_WARN_ABOUT_RETURN_TYPE = YES_ERROR;
				GCC_WARN_UNDECLARED_SELECTOR = YES;
				GCC_WARN_UNINITIALIZED_AUTOS = YES_AGGRESSIVE;
				GCC_WARN_UNUSED_FUNCTION = YES;
				GCC_WARN_UNUSED_VARIABLE = YES;
				IPHONEOS_DEPLOYMENT_TARGET = 18.0;
				LOCALIZATION_PREFERS_STRING_CATALOGS = YES;
				MTL_ENABLE_DEBUG_INFO = INCLUDE_SOURCE;
				MTL_FAST_MATH = YES;
				ONLY_ACTIVE_ARCH = YES;
				SDKROOT = iphoneos;
				SWIFT_ACTIVE_COMPILATION_CONDITIONS = "DEBUG $(inherited)";
				SWIFT_OPTIMIZATION_LEVEL = "-Onone";
			};
			name = Debug;
		};
		BA9F12232CC1748800BEF090 /* Release */ = {
			isa = XCBuildConfiguration;
			buildSettings = {
				ALWAYS_SEARCH_USER_PATHS = NO;
				ASSETCATALOG_COMPILER_GENERATE_SWIFT_ASSET_SYMBOL_EXTENSIONS = YES;
				CLANG_ANALYZER_NONNULL = YES;
				CLANG_ANALYZER_NUMBER_OBJECT_CONVERSION = YES_AGGRESSIVE;
				CLANG_CXX_LANGUAGE_STANDARD = "gnu++20";
				CLANG_ENABLE_MODULES = YES;
				CLANG_ENABLE_OBJC_ARC = YES;
				CLANG_ENABLE_OBJC_WEAK = YES;
				CLANG_WARN_BLOCK_CAPTURE_AUTORELEASING = YES;
				CLANG_WARN_BOOL_CONVERSION = YES;
				CLANG_WARN_COMMA = YES;
				CLANG_WARN_CONSTANT_CONVERSION = YES;
				CLANG_WARN_DEPRECATED_OBJC_IMPLEMENTATIONS = YES;
				CLANG_WARN_DIRECT_OBJC_ISA_USAGE = YES_ERROR;
				CLANG_WARN_DOCUMENTATION_COMMENTS = YES;
				CLANG_WARN_EMPTY_BODY = YES;
				CLANG_WARN_ENUM_CONVERSION = YES;
				CLANG_WARN_INFINITE_RECURSION = YES;
				CLANG_WARN_INT_CONVERSION = YES;
				CLANG_WARN_NON_LITERAL_NULL_CONVERSION = YES;
				CLANG_WARN_OBJC_IMPLICIT_RETAIN_SELF = YES;
				CLANG_WARN_OBJC_LITERAL_CONVERSION = YES;
				CLANG_WARN_OBJC_ROOT_CLASS = YES_ERROR;
				CLANG_WARN_QUOTED_INCLUDE_IN_FRAMEWORK_HEADER = YES;
				CLANG_WARN_RANGE_LOOP_ANALYSIS = YES;
				CLANG_WARN_STRICT_PROTOTYPES = YES;
				CLANG_WARN_SUSPICIOUS_MOVE = YES;
				CLANG_WARN_UNGUARDED_AVAILABILITY = YES_AGGRESSIVE;
				CLANG_WARN_UNREACHABLE_CODE = YES;
				CLANG_WARN__DUPLICATE_METHOD_MATCH = YES;
				COPY_PHASE_STRIP = NO;
				DEBUG_INFORMATION_FORMAT = "dwarf-with-dsym";
				ENABLE_NS_ASSERTIONS = NO;
				ENABLE_STRICT_OBJC_MSGSEND = YES;
				ENABLE_USER_SCRIPT_SANDBOXING = YES;
				GCC_C_LANGUAGE_STANDARD = gnu17;
				GCC_NO_COMMON_BLOCKS = YES;
				GCC_WARN_64_TO_32_BIT_CONVERSION = YES;
				GCC_WARN_ABOUT_RETURN_TYPE = YES_ERROR;
				GCC_WARN_UNDECLARED_SELECTOR = YES;
				GCC_WARN_UNINITIALIZED_AUTOS = YES_AGGRESSIVE;
				GCC_WARN_UNUSED_FUNCTION = YES;
				GCC_WARN_UNUSED_VARIABLE = YES;
				IPHONEOS_DEPLOYMENT_TARGET = 18.0;
				LOCALIZATION_PREFERS_STRING_CATALOGS = YES;
				MTL_ENABLE_DEBUG_INFO = NO;
				MTL_FAST_MATH = YES;
				SDKROOT = iphoneos;
				SWIFT_COMPILATION_MODE = wholemodule;
				VALIDATE_PRODUCT = YES;
			};
			name = Release;
		};
/* End XCBuildConfiguration section */

/* Begin XCConfigurationList section */
		BA9F12072CC1748700BEF090 /* Build configuration list for PBXProject "ozinshe" */ = {
			isa = XCConfigurationList;
			buildConfigurations = (
				BA9F12222CC1748800BEF090 /* Debug */,
				BA9F12232CC1748800BEF090 /* Release */,
			);
			defaultConfigurationIsVisible = 0;
			defaultConfigurationName = Release;
		};
		BA9F121F2CC1748800BEF090 /* Build configuration list for PBXNativeTarget "ozinshe" */ = {
			isa = XCConfigurationList;
			buildConfigurations = (
				BA9F12202CC1748800BEF090 /* Debug */,
				BA9F12212CC1748800BEF090 /* Release */,
			);
			defaultConfigurationIsVisible = 0;
			defaultConfigurationName = Release;
		};
/* End XCConfigurationList section */

/* Begin XCRemoteSwiftPackageReference section */
		BA95EE282CC7D5AE0006DB3B /* XCRemoteSwiftPackageReference "SnapKit" */ = {
			isa = XCRemoteSwiftPackageReference;
			repositoryURL = "https://github.com/SnapKit/SnapKit.git";
			requirement = {
				kind = upToNextMajorVersion;
				minimumVersion = 5.7.1;
			};
		};
		BA9F122C2CC1785200BEF090 /* XCRemoteSwiftPackageReference "SwiftyJSON" */ = {
			isa = XCRemoteSwiftPackageReference;
			repositoryURL = "https://github.com/SwiftyJSON/SwiftyJSON.git";
			requirement = {
				kind = upToNextMajorVersion;
				minimumVersion = 5.0.2;
			};
		};
		BA9F122F2CC1791000BEF090 /* XCRemoteSwiftPackageReference "SDWebImage" */ = {
			isa = XCRemoteSwiftPackageReference;
			repositoryURL = "https://github.com/SDWebImage/SDWebImage.git";
			requirement = {
				kind = upToNextMajorVersion;
				minimumVersion = 5.19.7;
			};
		};
		BA9F12342CC1796A00BEF090 /* XCRemoteSwiftPackageReference "Localize-Swift" */ = {
			isa = XCRemoteSwiftPackageReference;
			repositoryURL = "https://github.com/marmelroy/Localize-Swift.git";
			requirement = {
				kind = upToNextMajorVersion;
				minimumVersion = 3.2.0;
			};
		};
		BA9F12372CC179CE00BEF090 /* XCRemoteSwiftPackageReference "SVProgressHUD" */ = {
			isa = XCRemoteSwiftPackageReference;
			repositoryURL = "https://github.com/SVProgressHUD/SVProgressHUD.git";
			requirement = {
				kind = upToNextMajorVersion;
				minimumVersion = 2.3.1;
			};
		};
		BA9F123A2CC17C4800BEF090 /* XCRemoteSwiftPackageReference "Alamofire" */ = {
			isa = XCRemoteSwiftPackageReference;
			repositoryURL = "https://github.com/Alamofire/Alamofire.git";
			requirement = {
				kind = upToNextMajorVersion;
				minimumVersion = 5.10.0;
			};
		};
/* End XCRemoteSwiftPackageReference section */

/* Begin XCSwiftPackageProductDependency section */
		BA95EE292CC7D5AE0006DB3B /* SnapKit */ = {
			isa = XCSwiftPackageProductDependency;
			package = BA95EE282CC7D5AE0006DB3B /* XCRemoteSwiftPackageReference "SnapKit" */;
			productName = SnapKit;
		};
		BA9F122D2CC1785200BEF090 /* SwiftyJSON */ = {
			isa = XCSwiftPackageProductDependency;
			package = BA9F122C2CC1785200BEF090 /* XCRemoteSwiftPackageReference "SwiftyJSON" */;
			productName = SwiftyJSON;
		};
		BA9F12302CC1791000BEF090 /* SDWebImage */ = {
			isa = XCSwiftPackageProductDependency;
			package = BA9F122F2CC1791000BEF090 /* XCRemoteSwiftPackageReference "SDWebImage" */;
			productName = SDWebImage;
		};
		BA9F12322CC1791000BEF090 /* SDWebImageMapKit */ = {
			isa = XCSwiftPackageProductDependency;
			package = BA9F122F2CC1791000BEF090 /* XCRemoteSwiftPackageReference "SDWebImage" */;
			productName = SDWebImageMapKit;
		};
		BA9F12352CC1796A00BEF090 /* Localize_Swift */ = {
			isa = XCSwiftPackageProductDependency;
			package = BA9F12342CC1796A00BEF090 /* XCRemoteSwiftPackageReference "Localize-Swift" */;
			productName = Localize_Swift;
		};
		BA9F12382CC179CE00BEF090 /* SVProgressHUD */ = {
			isa = XCSwiftPackageProductDependency;
			package = BA9F12372CC179CE00BEF090 /* XCRemoteSwiftPackageReference "SVProgressHUD" */;
			productName = SVProgressHUD;
		};
		BA9F123B2CC17C4800BEF090 /* Alamofire */ = {
			isa = XCSwiftPackageProductDependency;
			package = BA9F123A2CC17C4800BEF090 /* XCRemoteSwiftPackageReference "Alamofire" */;
			productName = Alamofire;
		};
/* End XCSwiftPackageProductDependency section */
	};
	rootObject = BA9F12042CC1748700BEF090 /* Project object */;
}
